
Microsoft Visual Studio Solution File, Format Version 12.00
# Visual Studio Version 17
VisualStudioVersion = 17.7.34018.315
MinimumVisualStudioVersion = 10.0.40219.1
Project("{FAE04EC0-301F-11D3-BF4B-00C04F79EFBC}") = "CanneTVReplay", "CanneTVReplay\CanneTVReplay.csproj", "{4282216F-3F0A-4199-B36A-7018A3E20220}"
EndProject
Global
	GlobalSection(SolutionConfigurationPlatforms) = preSolution
		Debug|Any CPU = Debug|Any CPU
		Release|Any CPU = Release|Any CPU
	EndGlobalSection
	GlobalSection(ProjectConfigurationPlatforms) = postSolution
		{4282216F-3F0A-4199-B36A-7018A3E20220}.Debug|Any CPU.ActiveCfg = Debug|Any CPU
		{4282216F-3F0A-4199-B36A-7018A3E20220}.Debug|Any CPU.Build.0 = Debug|Any CPU
		{4282216F-3F0A-4199-B36A-7018A3E20220}.Release|Any CPU.ActiveCfg = Release|Any CPU
		{4282216F-3F0A-4199-B36A-7018A3E20220}.Release|Any CPU.Build.0 = Release|Any CPU
	EndGlobalSection
	GlobalSection(SolutionProperties) = preSolution
		HideSolutionNode = FALSE
	EndGlobalSection
	GlobalSection(ExtensibilityGlobals) = postSolution
		SolutionGuid = {62E3C342-D752-4724-B6E4-7C7D21CF1DCD}
	EndGlobalSection
EndGlobal
